
Microsoft Visual Studio Solution File, Format Version 12.00
# Visual Studio Version 17
VisualStudioVersion = 17.8.34525.116
MinimumVisualStudioVersion = 10.0.40219.1
Project("{9A19103F-16F7-4668-BE54-9A1E7A4F7556}") = "Entities", "Entities\Entities.csproj", "{91449236-1A15-486E-B4B5-2BBD556B1E88}"
EndProject
Project("{9A19103F-16F7-4668-BE54-9A1E7A4F7556}") = "Core", "..\FinalProject\Core\Core.csproj", "{B6EF88F1-6AB1-4B62-8C8F-746650B93F16}"
EndProject
Project("{9A19103F-16F7-4668-BE54-9A1E7A4F7556}") = "ConsoleUI", "ConsoleUI\ConsoleUI.csproj", "{BC1267EF-25E9-48B5-8E6A-B0F7A8B28FF0}"
EndProject
Project("{FAE04EC0-301F-11D3-BF4B-00C04F79EFBC}") = "DataAccess", "DataAccess\DataAccess.csproj", "{C2A0813F-307F-4576-98A8-CB87AA74B58E}"
EndProject
Project("{FAE04EC0-301F-11D3-BF4B-00C04F79EFBC}") = "Business", "Business\Business.csproj", "{13C3DB16-D490-426A-96A5-A1FD7154C540}"
EndProject
Global
	GlobalSection(SolutionConfigurationPlatforms) = preSolution
		Debug|Any CPU = Debug|Any CPU
		Release|Any CPU = Release|Any CPU
	EndGlobalSection
	GlobalSection(ProjectConfigurationPlatforms) = postSolution
		{91449236-1A15-486E-B4B5-2BBD556B1E88}.Debug|Any CPU.ActiveCfg = Debug|Any CPU
		{91449236-1A15-486E-B4B5-2BBD556B1E88}.Debug|Any CPU.Build.0 = Debug|Any CPU
		{91449236-1A15-486E-B4B5-2BBD556B1E88}.Release|Any CPU.ActiveCfg = Release|Any CPU
		{91449236-1A15-486E-B4B5-2BBD556B1E88}.Release|Any CPU.Build.0 = Release|Any CPU
		{B6EF88F1-6AB1-4B62-8C8F-746650B93F16}.Debug|Any CPU.ActiveCfg = Debug|Any CPU
		{B6EF88F1-6AB1-4B62-8C8F-746650B93F16}.Debug|Any CPU.Build.0 = Debug|Any CPU
		{B6EF88F1-6AB1-4B62-8C8F-746650B93F16}.Release|Any CPU.ActiveCfg = Release|Any CPU
		{B6EF88F1-6AB1-4B62-8C8F-746650B93F16}.Release|Any CPU.Build.0 = Release|Any CPU
		{BC1267EF-25E9-48B5-8E6A-B0F7A8B28FF0}.Debug|Any CPU.ActiveCfg = Debug|Any CPU
		{BC1267EF-25E9-48B5-8E6A-B0F7A8B28FF0}.Debug|Any CPU.Build.0 = Debug|Any CPU
		{BC1267EF-25E9-48B5-8E6A-B0F7A8B28FF0}.Release|Any CPU.ActiveCfg = Release|Any CPU
		{BC1267EF-25E9-48B5-8E6A-B0F7A8B28FF0}.Release|Any CPU.Build.0 = Release|Any CPU
		{C2A0813F-307F-4576-98A8-CB87AA74B58E}.Debug|Any CPU.ActiveCfg = Debug|Any CPU
		{C2A0813F-307F-4576-98A8-CB87AA74B58E}.Debug|Any CPU.Build.0 = Debug|Any CPU
		{C2A0813F-307F-4576-98A8-CB87AA74B58E}.Release|Any CPU.ActiveCfg = Release|Any CPU
		{C2A0813F-307F-4576-98A8-CB87AA74B58E}.Release|Any CPU.Build.0 = Release|Any CPU
		{13C3DB16-D490-426A-96A5-A1FD7154C540}.Debug|Any CPU.ActiveCfg = Debug|Any CPU
		{13C3DB16-D490-426A-96A5-A1FD7154C540}.Debug|Any CPU.Build.0 = Debug|Any CPU
		{13C3DB16-D490-426A-96A5-A1FD7154C540}.Release|Any CPU.ActiveCfg = Release|Any CPU
		{13C3DB16-D490-426A-96A5-A1FD7154C540}.Release|Any CPU.Build.0 = Release|Any CPU
	EndGlobalSection
	GlobalSection(SolutionProperties) = preSolution
		HideSolutionNode = FALSE
	EndGlobalSection
	GlobalSection(ExtensibilityGlobals) = postSolution
		SolutionGuid = {303F892B-5E5E-4629-AA3B-AAE2B079D01B}
	EndGlobalSection
EndGlobal
